
Microsoft Visual Studio Solution File, Format Version 12.00
# Visual Studio Version 16
VisualStudioVersion = 16.0.30711.63
MinimumVisualStudioVersion = 10.0.40219.1
Project("{9A19103F-16F7-4668-BE54-9A1E7A4F7556}") = "CountdownCore", "CountdownCore\CountdownCore.csproj", "{5197787C-08A1-460E-8B1B-C3F617748F5A}"
EndProject
Project("{E53339B2-1760-4266-BCC7-CA923CBCF16C}") = "docker-compose", "docker-compose.dcproj", "{C9DAD7CC-A522-416C-947E-C87183CAA353}"
EndProject
Project("{FAE04EC0-301F-11D3-BF4B-00C04F79EFBC}") = "CountdownEngine", "CountdownEngine\CountdownEngine.csproj", "{8DCFA6D9-4577-4811-AA4B-EC57A161F636}"
EndProject
Global
	GlobalSection(SolutionConfigurationPlatforms) = preSolution
		Debug|Any CPU = Debug|Any CPU
		Release|Any CPU = Release|Any CPU
	EndGlobalSection
	GlobalSection(ProjectConfigurationPlatforms) = postSolution
		{5197787C-08A1-460E-8B1B-C3F617748F5A}.Debug|Any CPU.ActiveCfg = Debug|Any CPU
		{5197787C-08A1-460E-8B1B-C3F617748F5A}.Debug|Any CPU.Build.0 = Debug|Any CPU
		{5197787C-08A1-460E-8B1B-C3F617748F5A}.Release|Any CPU.ActiveCfg = Release|Any CPU
		{5197787C-08A1-460E-8B1B-C3F617748F5A}.Release|Any CPU.Build.0 = Release|Any CPU
		{C9DAD7CC-A522-416C-947E-C87183CAA353}.Debug|Any CPU.ActiveCfg = Debug|Any CPU
		{C9DAD7CC-A522-416C-947E-C87183CAA353}.Debug|Any CPU.Build.0 = Debug|Any CPU
		{C9DAD7CC-A522-416C-947E-C87183CAA353}.Release|Any CPU.ActiveCfg = Release|Any CPU
		{C9DAD7CC-A522-416C-947E-C87183CAA353}.Release|Any CPU.Build.0 = Release|Any CPU
		{8DCFA6D9-4577-4811-AA4B-EC57A161F636}.Debug|Any CPU.ActiveCfg = Debug|Any CPU
		{8DCFA6D9-4577-4811-AA4B-EC57A161F636}.Debug|Any CPU.Build.0 = Debug|Any CPU
		{8DCFA6D9-4577-4811-AA4B-EC57A161F636}.Release|Any CPU.ActiveCfg = Release|Any CPU
		{8DCFA6D9-4577-4811-AA4B-EC57A161F636}.Release|Any CPU.Build.0 = Release|Any CPU
	EndGlobalSection
	GlobalSection(SolutionProperties) = preSolution
		HideSolutionNode = FALSE
	EndGlobalSection
	GlobalSection(ExtensibilityGlobals) = postSolution
		SolutionGuid = {4BEC96CC-6079-4879-8FC0-DBD85111F9A3}
	EndGlobalSection
EndGlobal
